
Microsoft Visual Studio Solution File, Format Version 12.00
# Visual Studio Version 16
VisualStudioVersion = 16.0.29911.84
MinimumVisualStudioVersion = 10.0.40219.1
Project("{FAE04EC0-301F-11D3-BF4B-00C04F79EFBC}") = "Exercise01", "Exercise01\Exercise01.csproj", "{C5F6F193-50DD-4CAF-BFDF-7D20E4A3B053}"
EndProject
Project("{FAE04EC0-301F-11D3-BF4B-00C04F79EFBC}") = "BooksExample", "BooksExample\BooksExample.csproj", "{57B39461-D2F7-4582-AA3F-FD62FE9C6758}"
EndProject
Project("{FAE04EC0-301F-11D3-BF4B-00C04F79EFBC}") = "BaseballExample", "BaseballExample\BaseballExample.csproj", "{CA02042D-7B7B-452C-8899-B7B1748FA10B}"
EndProject
Project("{FAE04EC0-301F-11D3-BF4B-00C04F79EFBC}") = "Exercise02", "Exercise02\Exercise02.csproj", "{373980B2-0187-4F6B-8F93-7F10CC18FDE8}"
EndProject
Project("{FAE04EC0-301F-11D3-BF4B-00C04F79EFBC}") = "Exercise03", "Exercise03\Exercise03.csproj", "{B5BF3FBD-AF9E-4A0B-9590-9EC3900892F6}"
EndProject
Global
	GlobalSection(SolutionConfigurationPlatforms) = preSolution
		Debug|Any CPU = Debug|Any CPU
		Release|Any CPU = Release|Any CPU
	EndGlobalSection
	GlobalSection(ProjectConfigurationPlatforms) = postSolution
		{C5F6F193-50DD-4CAF-BFDF-7D20E4A3B053}.Debug|Any CPU.ActiveCfg = Debug|Any CPU
		{C5F6F193-50DD-4CAF-BFDF-7D20E4A3B053}.Debug|Any CPU.Build.0 = Debug|Any CPU
		{C5F6F193-50DD-4CAF-BFDF-7D20E4A3B053}.Release|Any CPU.ActiveCfg = Release|Any CPU
		{C5F6F193-50DD-4CAF-BFDF-7D20E4A3B053}.Release|Any CPU.Build.0 = Release|Any CPU
		{57B39461-D2F7-4582-AA3F-FD62FE9C6758}.Debug|Any CPU.ActiveCfg = Debug|Any CPU
		{57B39461-D2F7-4582-AA3F-FD62FE9C6758}.Debug|Any CPU.Build.0 = Debug|Any CPU
		{57B39461-D2F7-4582-AA3F-FD62FE9C6758}.Release|Any CPU.ActiveCfg = Release|Any CPU
		{57B39461-D2F7-4582-AA3F-FD62FE9C6758}.Release|Any CPU.Build.0 = Release|Any CPU
		{CA02042D-7B7B-452C-8899-B7B1748FA10B}.Debug|Any CPU.ActiveCfg = Debug|Any CPU
		{CA02042D-7B7B-452C-8899-B7B1748FA10B}.Debug|Any CPU.Build.0 = Debug|Any CPU
		{CA02042D-7B7B-452C-8899-B7B1748FA10B}.Release|Any CPU.ActiveCfg = Release|Any CPU
		{CA02042D-7B7B-452C-8899-B7B1748FA10B}.Release|Any CPU.Build.0 = Release|Any CPU
		{373980B2-0187-4F6B-8F93-7F10CC18FDE8}.Debug|Any CPU.ActiveCfg = Debug|Any CPU
		{373980B2-0187-4F6B-8F93-7F10CC18FDE8}.Debug|Any CPU.Build.0 = Debug|Any CPU
		{373980B2-0187-4F6B-8F93-7F10CC18FDE8}.Release|Any CPU.ActiveCfg = Release|Any CPU
		{373980B2-0187-4F6B-8F93-7F10CC18FDE8}.Release|Any CPU.Build.0 = Release|Any CPU
		{B5BF3FBD-AF9E-4A0B-9590-9EC3900892F6}.Debug|Any CPU.ActiveCfg = Debug|Any CPU
		{B5BF3FBD-AF9E-4A0B-9590-9EC3900892F6}.Debug|Any CPU.Build.0 = Debug|Any CPU
		{B5BF3FBD-AF9E-4A0B-9590-9EC3900892F6}.Release|Any CPU.ActiveCfg = Release|Any CPU
		{B5BF3FBD-AF9E-4A0B-9590-9EC3900892F6}.Release|Any CPU.Build.0 = Release|Any CPU
	EndGlobalSection
	GlobalSection(SolutionProperties) = preSolution
		HideSolutionNode = FALSE
	EndGlobalSection
	GlobalSection(ExtensibilityGlobals) = postSolution
		SolutionGuid = {DF6F9F6A-FDD2-4FD0-97B6-01C1A0A2CBE1}
	EndGlobalSection
EndGlobal
